
Microsoft Visual Studio Solution File, Format Version 12.00
# Visual Studio Version 17
VisualStudioVersion = 17.5.002.0
MinimumVisualStudioVersion = 10.0.40219.1
Project("{9A19103F-16F7-4668-BE54-9A1E7A4F7556}") = "Portfolio.Api", "Portfolio.Api.csproj", "{EE337D39-98AA-4D4E-827F-64B263D275E8}"
EndProject
Global
	GlobalSection(SolutionConfigurationPlatforms) = preSolution
		Debug|Any CPU = Debug|Any CPU
		Release|Any CPU = Release|Any CPU
	EndGlobalSection
	GlobalSection(ProjectConfigurationPlatforms) = postSolution
		{EE337D39-98AA-4D4E-827F-64B263D275E8}.Debug|Any CPU.ActiveCfg = Debug|Any CPU
		{EE337D39-98AA-4D4E-827F-64B263D275E8}.Debug|Any CPU.Build.0 = Debug|Any CPU
		{EE337D39-98AA-4D4E-827F-64B263D275E8}.Release|Any CPU.ActiveCfg = Release|Any CPU
		{EE337D39-98AA-4D4E-827F-64B263D275E8}.Release|Any CPU.Build.0 = Release|Any CPU
	EndGlobalSection
	GlobalSection(SolutionProperties) = preSolution
		HideSolutionNode = FALSE
	EndGlobalSection
	GlobalSection(ExtensibilityGlobals) = postSolution
		SolutionGuid = {255F4751-5362-4951-90F2-1A5DF06E7420}
	EndGlobalSection
EndGlobal
